
Microsoft Visual Studio Solution File, Format Version 12.00
# Visual Studio Version 16
VisualStudioVersion = 16.0.29418.71
MinimumVisualStudioVersion = 10.0.40219.1
Project("{FAE04EC0-301F-11D3-BF4B-00C04F79EFBC}") = "Figures", "Figures\Figures.csproj", "{44D43960-C9A8-47D0-B378-FE56BAC1E7C1}"
EndProject
Project("{FAE04EC0-301F-11D3-BF4B-00C04F79EFBC}") = "ClassLibraryFigures", "ClassLibraryFigures\ClassLibraryFigures.csproj", "{3FAD38D3-AEEA-4611-8F21-E38AC2CE20C9}"
EndProject
Global
	GlobalSection(SolutionConfigurationPlatforms) = preSolution
		Debug|Any CPU = Debug|Any CPU
		Release|Any CPU = Release|Any CPU
	EndGlobalSection
	GlobalSection(ProjectConfigurationPlatforms) = postSolution
		{44D43960-C9A8-47D0-B378-FE56BAC1E7C1}.Debug|Any CPU.ActiveCfg = Debug|Any CPU
		{44D43960-C9A8-47D0-B378-FE56BAC1E7C1}.Debug|Any CPU.Build.0 = Debug|Any CPU
		{44D43960-C9A8-47D0-B378-FE56BAC1E7C1}.Release|Any CPU.ActiveCfg = Release|Any CPU
		{44D43960-C9A8-47D0-B378-FE56BAC1E7C1}.Release|Any CPU.Build.0 = Release|Any CPU
		{3FAD38D3-AEEA-4611-8F21-E38AC2CE20C9}.Debug|Any CPU.ActiveCfg = Debug|Any CPU
		{3FAD38D3-AEEA-4611-8F21-E38AC2CE20C9}.Debug|Any CPU.Build.0 = Debug|Any CPU
		{3FAD38D3-AEEA-4611-8F21-E38AC2CE20C9}.Release|Any CPU.ActiveCfg = Release|Any CPU
		{3FAD38D3-AEEA-4611-8F21-E38AC2CE20C9}.Release|Any CPU.Build.0 = Release|Any CPU
	EndGlobalSection
	GlobalSection(SolutionProperties) = preSolution
		HideSolutionNode = FALSE
	EndGlobalSection
	GlobalSection(ExtensibilityGlobals) = postSolution
		SolutionGuid = {CA506D1B-57A5-4587-A387-D71ABB5C638E}
	EndGlobalSection
EndGlobal
